
Microsoft Visual Studio Solution File, Format Version 12.00
# Visual Studio 15
VisualStudioVersion = 15.0.27703.2035
MinimumVisualStudioVersion = 10.0.40219.1
Project("{FAE04EC0-301F-11D3-BF4B-00C04F79EFBC}") = "DEV-BackendPratical", "DEV-BackendPratical\DEV-BackendPratical.csproj", "{F31BB522-E317-4597-A7E7-0831DB731AEC}"
EndProject
Project("{FAE04EC0-301F-11D3-BF4B-00C04F79EFBC}") = "DEV-BackendPractical_Services", "DEV-BackendPractical_Services\DEV-BackendPractical_Services.csproj", "{4956CA4A-1A3D-4DD6-B34A-5D4D77E3D729}"
EndProject
Project("{FAE04EC0-301F-11D3-BF4B-00C04F79EFBC}") = "Dev-BackendPractical_Test", "Dev-BackendPractical_Test\Dev-BackendPractical_Test.csproj", "{6032E4FC-5BDB-4ACE-A479-954281D547A7}"
EndProject
Global
	GlobalSection(SolutionConfigurationPlatforms) = preSolution
		Debug|Any CPU = Debug|Any CPU
		Release|Any CPU = Release|Any CPU
	EndGlobalSection
	GlobalSection(ProjectConfigurationPlatforms) = postSolution
		{F31BB522-E317-4597-A7E7-0831DB731AEC}.Debug|Any CPU.ActiveCfg = Debug|Any CPU
		{F31BB522-E317-4597-A7E7-0831DB731AEC}.Debug|Any CPU.Build.0 = Debug|Any CPU
		{F31BB522-E317-4597-A7E7-0831DB731AEC}.Release|Any CPU.ActiveCfg = Release|Any CPU
		{F31BB522-E317-4597-A7E7-0831DB731AEC}.Release|Any CPU.Build.0 = Release|Any CPU
		{4956CA4A-1A3D-4DD6-B34A-5D4D77E3D729}.Debug|Any CPU.ActiveCfg = Debug|Any CPU
		{4956CA4A-1A3D-4DD6-B34A-5D4D77E3D729}.Debug|Any CPU.Build.0 = Debug|Any CPU
		{4956CA4A-1A3D-4DD6-B34A-5D4D77E3D729}.Release|Any CPU.ActiveCfg = Release|Any CPU
		{4956CA4A-1A3D-4DD6-B34A-5D4D77E3D729}.Release|Any CPU.Build.0 = Release|Any CPU
		{6032E4FC-5BDB-4ACE-A479-954281D547A7}.Debug|Any CPU.ActiveCfg = Debug|Any CPU
		{6032E4FC-5BDB-4ACE-A479-954281D547A7}.Debug|Any CPU.Build.0 = Debug|Any CPU
		{6032E4FC-5BDB-4ACE-A479-954281D547A7}.Release|Any CPU.ActiveCfg = Release|Any CPU
		{6032E4FC-5BDB-4ACE-A479-954281D547A7}.Release|Any CPU.Build.0 = Release|Any CPU
	EndGlobalSection
	GlobalSection(SolutionProperties) = preSolution
		HideSolutionNode = FALSE
	EndGlobalSection
	GlobalSection(ExtensibilityGlobals) = postSolution
		SolutionGuid = {01C8511D-2352-4CBB-9B20-2853A1E30CB1}
	EndGlobalSection
EndGlobal
